
Microsoft Visual Studio Solution File, Format Version 12.00
# Visual Studio Version 17
VisualStudioVersion = 17.9.34728.123
MinimumVisualStudioVersion = 10.0.40219.1
Project("{FAE04EC0-301F-11D3-BF4B-00C04F79EFBC}") = "RacasDeCachorros", "RacasDeCachorros\RacasDeCachorros.csproj", "{2FF0417B-DDBF-4F95-A0C2-2A00FAE929AE}"
EndProject
Global
	GlobalSection(SolutionConfigurationPlatforms) = preSolution
		Debug|Any CPU = Debug|Any CPU
		Release|Any CPU = Release|Any CPU
	EndGlobalSection
	GlobalSection(ProjectConfigurationPlatforms) = postSolution
		{2FF0417B-DDBF-4F95-A0C2-2A00FAE929AE}.Debug|Any CPU.ActiveCfg = Debug|Any CPU
		{2FF0417B-DDBF-4F95-A0C2-2A00FAE929AE}.Debug|Any CPU.Build.0 = Debug|Any CPU
		{2FF0417B-DDBF-4F95-A0C2-2A00FAE929AE}.Release|Any CPU.ActiveCfg = Release|Any CPU
		{2FF0417B-DDBF-4F95-A0C2-2A00FAE929AE}.Release|Any CPU.Build.0 = Release|Any CPU
	EndGlobalSection
	GlobalSection(SolutionProperties) = preSolution
		HideSolutionNode = FALSE
	EndGlobalSection
	GlobalSection(ExtensibilityGlobals) = postSolution
		SolutionGuid = {D69B590A-1DB5-42B6-ABE2-82DAF4E42735}
	EndGlobalSection
EndGlobal
